{
	"name": "taro-auto-track",
	"version": "1.0.0",
	"lockfileVersion": 1,
	"requires": true,
	"dependencies": {
		"@babel/runtime": {
			"version": "7.13.10",
			"resolved": "https://registry.npmjs.org/@babel/runtime/-/runtime-7.13.10.tgz",
			"integrity": "sha512-4QPkjJq6Ns3V/RgpEahRk+AGfL0eO6RHHtTWoNNr5mO49G6B5+X6d6THgWEAvTrznU5xYpbAlVKRYcsCgh/Akw==",
			"dev": true,
			"requires": {
				"regenerator-runtime": "^0.13.4"
			}
		},
		"@stencil/core": {
			"version": "2.4.0",
			"resolved": "https://registry.npmjs.org/@stencil/core/-/core-2.4.0.tgz",
			"integrity": "sha512-gU6+Yyd6O0KrCSS/O6j8KKqmRo+/Dcs2fI0+APCpbAWK+nqhwDISpdnSEfGDCLMoAC08XOZCycBRk2K1VGnEcg==",
			"dev": true
		},
		"@tarojs/api": {
			"version": "3.2.1",
			"resolved": "https://registry.npmjs.org/@tarojs/api/-/api-3.2.1.tgz",
			"integrity": "sha512-h81pF9GVht0vYlpSyHpXH/EJUqvFV41XXT4royQjMiejhKa6yfKKiy+JIFkZotxZyWjR4V2kRtiTMCS1JJY6Mw==",
			"dev": true,
			"requires": {
				"@tarojs/runtime": "3.2.1"
			}
		},
		"@tarojs/components": {
			"version": "3.2.1",
			"resolved": "https://registry.npmjs.org/@tarojs/components/-/components-3.2.1.tgz",
			"integrity": "sha512-C+3b4QedMReZuNiXZAismKBCrkwdkma/TODv10HFygdbdx88Yluvwd6Ky0awF3Rt4l4V5urwFmr636LFJ28c+g==",
			"dev": true,
			"requires": {
				"@stencil/core": "2.4.0",
				"@tarojs/taro": "3.2.1",
				"better-scroll": "^1.14.1",
				"classnames": "^2.2.5",
				"intersection-observer": "^0.7.0",
				"omit.js": "^1.0.0",
				"resolve-pathname": "^3.0.0",
				"swiper": "4.4.2",
				"weui": "^1.1.2"
			}
		},
		"@tarojs/router": {
			"version": "3.2.1",
			"resolved": "https://registry.npmjs.org/@tarojs/router/-/router-3.2.1.tgz",
			"integrity": "sha512-KZkR3PpU0kRfZfveWHIe/HM0BCVSvgHfMo5lAWqDjbVlFFpMZ/XDYjiJi0UQOQZiAq8vIAp7xKtQMa8sndlBXg==",
			"dev": true,
			"requires": {
				"@tarojs/runtime": "3.2.1",
				"history": "^4.10.1",
				"query-string": "^6.13.8",
				"universal-router": "^8.3.0",
				"url-parse": "^1.4.7"
			}
		},
		"@tarojs/runtime": {
			"version": "3.2.1",
			"resolved": "https://registry.npmjs.org/@tarojs/runtime/-/runtime-3.2.1.tgz",
			"integrity": "sha512-j1xEUm6ezH069hAvAuqYV6saOg3Lpnt9wMai1IRKIPPxqYv+UhNYGdwi41oyrBlabvTv4xOeaxnVdp295Ffveg==",
			"dev": true,
			"requires": {
				"@tarojs/shared": "3.2.1",
				"lodash-es": "4.17.15"
			}
		},
		"@tarojs/shared": {
			"version": "3.2.1",
			"resolved": "https://registry.npmjs.org/@tarojs/shared/-/shared-3.2.1.tgz",
			"integrity": "sha512-NyAK0X29f9pgb2SfIJ90tXJBr4Ws4cseW2xcS5Hc6yThcGZpiE59w15dzFWlCRUhjXB/+KwmUYxM4PrJjWMlCg==",
			"dev": true
		},
		"@tarojs/taro": {
			"version": "3.2.1",
			"resolved": "https://registry.npmjs.org/@tarojs/taro/-/taro-3.2.1.tgz",
			"integrity": "sha512-oOUBvKgLjWDGzeFykk7yAGWo4OOFgMCdzhjT/0/vbYudVR3amNNzUfWSQEq2ql+Cmjs+wiOOgZzM7aKAGQBwLA==",
			"dev": true,
			"requires": {
				"@tarojs/api": "3.2.1",
				"@tarojs/runtime": "3.2.1",
				"@tarojs/taro-h5": "3.2.1"
			}
		},
		"@tarojs/taro-h5": {
			"version": "3.2.1",
			"resolved": "https://registry.npmjs.org/@tarojs/taro-h5/-/taro-h5-3.2.1.tgz",
			"integrity": "sha512-ksAlINQU/voItrMNUnQGRPxuzTl5F2Fvjv+mTKP1BEGAfe3wRaxBreGT56kPYzIeAU6F+nFDthTbJbH3UaAPSg==",
			"dev": true,
			"requires": {
				"@tarojs/api": "3.2.1",
				"@tarojs/router": "3.2.1",
				"@tarojs/runtime": "3.2.1",
				"base64-js": "^1.3.0",
				"jsonp-retry": "^1.0.3",
				"mobile-detect": "^1.4.2",
				"raf": "^3.4.1",
				"whatwg-fetch": "^3.4.0"
			}
		},
		"@types/prop-types": {
			"version": "15.7.3",
			"resolved": "https://registry.npmjs.org/@types/prop-types/-/prop-types-15.7.3.tgz",
			"integrity": "sha512-KfRL3PuHmqQLOG+2tGpRO26Ctg+Cq1E01D2DMriKEATHgWLfeNDmq9e29Q9WIky0dQ3NPkd1mzYH8Lm936Z9qw=="
		},
		"@types/react": {
			"version": "16.14.5",
			"resolved": "https://registry.npmjs.org/@types/react/-/react-16.14.5.tgz",
			"integrity": "sha512-YRRv9DNZhaVTVRh9Wmmit7Y0UFhEVqXqCSw3uazRWMxa2x85hWQZ5BN24i7GXZbaclaLXEcodEeIHsjBA8eAMw==",
			"requires": {
				"@types/prop-types": "*",
				"@types/scheduler": "*",
				"csstype": "^3.0.2"
			}
		},
		"@types/scheduler": {
			"version": "0.16.1",
			"resolved": "https://registry.npmjs.org/@types/scheduler/-/scheduler-0.16.1.tgz",
			"integrity": "sha512-EaCxbanVeyxDRTQBkdLb3Bvl/HK7PBK6UJjsSixB0iHKoWxE5uu2Q/DgtpOhPIojN0Zl1whvOd7PoHs2P0s5eA=="
		},
		"@types/wechat-miniprogram": {
			"version": "3.3.0",
			"resolved": "https://registry.npmjs.org/@types/wechat-miniprogram/-/wechat-miniprogram-3.3.0.tgz",
			"integrity": "sha512-kNG8HAB3M8+0L2I4KrHTC5ZLOW4RLY16yT7EVLKU4QZGiPt9wCPrpFpA0OG/8bTC8ToP2nl8JZFj+3+Fo8IlTw=="
		},
		"babel-runtime": {
			"version": "6.26.0",
			"resolved": "https://registry.npmjs.org/babel-runtime/-/babel-runtime-6.26.0.tgz",
			"integrity": "sha1-llxwWGaOgrVde/4E/yM3vItWR/4=",
			"dev": true,
			"requires": {
				"core-js": "^2.4.0",
				"regenerator-runtime": "^0.11.0"
			},
			"dependencies": {
				"regenerator-runtime": {
					"version": "0.11.1",
					"resolved": "https://registry.npmjs.org/regenerator-runtime/-/regenerator-runtime-0.11.1.tgz",
					"integrity": "sha512-MguG95oij0fC3QV3URf4V2SDYGJhJnJGqvIIgdECeODCT98wSWDAJ94SSuVpYQUoTcGUIL6L4yNB7j1DFFHSBg==",
					"dev": true
				}
			}
		},
		"base64-js": {
			"version": "1.5.1",
			"resolved": "https://registry.npmjs.org/base64-js/-/base64-js-1.5.1.tgz",
			"integrity": "sha512-AKpaYlHn8t4SVbOHCy+b5+KKgvR4vrsD8vbvrbiQJps7fKDTkjkDry6ji0rUJjC0kzbNePLwzxq8iypo41qeWA==",
			"dev": true
		},
		"better-scroll": {
			"version": "1.15.2",
			"resolved": "https://registry.npmjs.org/better-scroll/-/better-scroll-1.15.2.tgz",
			"integrity": "sha512-sSY2N8I9/B+YX/9JpIz6pMQYnmBuvspBqZG4UxYaQEfz/ZWrnxwdyKLL4t6IKpFmxqtZadVypXw7vSSHxBZpBQ==",
			"dev": true,
			"requires": {
				"babel-runtime": "^6.0.0"
			}
		},
		"classnames": {
			"version": "2.3.1",
			"resolved": "https://registry.npmjs.org/classnames/-/classnames-2.3.1.tgz",
			"integrity": "sha512-OlQdbZ7gLfGarSqxesMesDa5uz7KFbID8Kpq/SxIoNGDqY8lSYs0D+hhtBXhcdB3rcbXArFr7vlHheLk1voeNA==",
			"dev": true
		},
		"core-js": {
			"version": "2.6.12",
			"resolved": "https://registry.npmjs.org/core-js/-/core-js-2.6.12.tgz",
			"integrity": "sha512-Kb2wC0fvsWfQrgk8HU5lW6U/Lcs8+9aaYcy4ZFc6DDlo4nZ7n70dEgE5rtR0oG6ufKDUnrwfWL1mXR5ljDatrQ==",
			"dev": true
		},
		"csstype": {
			"version": "3.0.8",
			"resolved": "https://registry.npmjs.org/csstype/-/csstype-3.0.8.tgz",
			"integrity": "sha512-jXKhWqXPmlUeoQnF/EhTtTl4C9SnrxSH/jZUih3jmO6lBKr99rP3/+FmrMj4EFpOXzMtXHAZkd3x0E6h6Fgflw=="
		},
		"decode-uri-component": {
			"version": "0.2.0",
			"resolved": "https://registry.npmjs.org/decode-uri-component/-/decode-uri-component-0.2.0.tgz",
			"integrity": "sha1-6zkTMzRYd1y4TNGh+uBiEGu4dUU=",
			"dev": true
		},
		"dom7": {
			"version": "2.1.5",
			"resolved": "https://registry.npmjs.org/dom7/-/dom7-2.1.5.tgz",
			"integrity": "sha512-xnhwVgyOh3eD++/XGtH+5qBwYTgCm0aW91GFgPJ3XG+jlsRLyJivnbP0QmUBFhI+Oaz9FV0s7cxgXHezwOEBYA==",
			"dev": true,
			"requires": {
				"ssr-window": "^2.0.0"
			},
			"dependencies": {
				"ssr-window": {
					"version": "2.0.0",
					"resolved": "https://registry.npmjs.org/ssr-window/-/ssr-window-2.0.0.tgz",
					"integrity": "sha512-NXzN+/HPObKAx191H3zKlYomE5WrVIkoCB5IaSdvKokxTpjBdWfr0RaP+1Z5KOfDT0ZVz+2tdtiBkhsEQ9p+0A==",
					"dev": true
				}
			}
		},
		"filter-obj": {
			"version": "1.1.0",
			"resolved": "https://registry.npmjs.org/filter-obj/-/filter-obj-1.1.0.tgz",
			"integrity": "sha1-mzERErxsYSehbgFsbF1/GeCAXFs=",
			"dev": true
		},
		"history": {
			"version": "4.10.1",
			"resolved": "https://registry.npmjs.org/history/-/history-4.10.1.tgz",
			"integrity": "sha512-36nwAD620w12kuzPAsyINPWJqlNbij+hpK1k9XRloDtym8mxzGYl2c17LnV6IAGB2Dmg4tEa7G7DlawS0+qjew==",
			"dev": true,
			"requires": {
				"@babel/runtime": "^7.1.2",
				"loose-envify": "^1.2.0",
				"resolve-pathname": "^3.0.0",
				"tiny-invariant": "^1.0.2",
				"tiny-warning": "^1.0.0",
				"value-equal": "^1.0.1"
			}
		},
		"intersection-observer": {
			"version": "0.7.0",
			"resolved": "https://registry.npmjs.org/intersection-observer/-/intersection-observer-0.7.0.tgz",
			"integrity": "sha512-Id0Fij0HsB/vKWGeBe9PxeY45ttRiBmhFyyt/geBdDHBYNctMRTE3dC1U3ujzz3lap+hVXlEcVaB56kZP/eEUg==",
			"dev": true
		},
		"js-tokens": {
			"version": "4.0.0",
			"resolved": "https://registry.npmjs.org/js-tokens/-/js-tokens-4.0.0.tgz",
			"integrity": "sha512-RdJUflcE3cUzKiMqQgsCu06FPu9UdIJO0beYbPhHN4k6apgJtifcoCtT9bcxOpYBtpD2kCM6Sbzg4CausW/PKQ==",
			"dev": true
		},
		"jsonp-retry": {
			"version": "1.0.3",
			"resolved": "https://registry.npmjs.org/jsonp-retry/-/jsonp-retry-1.0.3.tgz",
			"integrity": "sha512-/jmE9+shtKP+oIt2AWO9Wx+C27NTGpLCEw4QHOqpoV2X6ta374HE9C+EEdgu8r3iLKgFMx7u5j0mCwxWN8UdlA==",
			"dev": true,
			"requires": {
				"object-assign": "^4.1.1"
			}
		},
		"lodash-es": {
			"version": "4.17.15",
			"resolved": "https://registry.npmjs.org/lodash-es/-/lodash-es-4.17.15.tgz",
			"integrity": "sha512-rlrc3yU3+JNOpZ9zj5pQtxnx2THmvRykwL4Xlxoa8I9lHBlVbbyPhgyPMioxVZ4NqyxaVVtaJnzsyOidQIhyyQ==",
			"dev": true
		},
		"loose-envify": {
			"version": "1.4.0",
			"resolved": "https://registry.npmjs.org/loose-envify/-/loose-envify-1.4.0.tgz",
			"integrity": "sha512-lyuxPGr/Wfhrlem2CL/UcnUc1zcqKAImBDzukY7Y5F/yQiNdko6+fRLevlw1HgMySw7f611UIY408EtxRSoK3Q==",
			"dev": true,
			"requires": {
				"js-tokens": "^3.0.0 || ^4.0.0"
			}
		},
		"mobile-detect": {
			"version": "1.4.5",
			"resolved": "https://registry.npmjs.org/mobile-detect/-/mobile-detect-1.4.5.tgz",
			"integrity": "sha512-yc0LhH6tItlvfLBugVUEtgawwFU2sIe+cSdmRJJCTMZ5GEJyLxNyC/NIOAOGk67Fa8GNpOttO3Xz/1bHpXFD/g==",
			"dev": true
		},
		"object-assign": {
			"version": "4.1.1",
			"resolved": "https://registry.npmjs.org/object-assign/-/object-assign-4.1.1.tgz",
			"integrity": "sha1-IQmtx5ZYh8/AXLvUQsrIv7s2CGM=",
			"dev": true
		},
		"omit.js": {
			"version": "1.0.2",
			"resolved": "https://registry.npmjs.org/omit.js/-/omit.js-1.0.2.tgz",
			"integrity": "sha512-/QPc6G2NS+8d4L/cQhbk6Yit1WTB6Us2g84A7A/1+w9d/eRGHyEqC5kkQtHVoHZ5NFWGG7tUGgrhVZwgZanKrQ==",
			"dev": true,
			"requires": {
				"babel-runtime": "^6.23.0"
			}
		},
		"path-to-regexp": {
			"version": "3.2.0",
			"resolved": "https://registry.npmjs.org/path-to-regexp/-/path-to-regexp-3.2.0.tgz",
			"integrity": "sha512-jczvQbCUS7XmS7o+y1aEO9OBVFeZBQ1MDSEqmO7xSoPgOPoowY/SxLpZ6Vh97/8qHZOteiCKb7gkG9gA2ZUxJA==",
			"dev": true
		},
		"performance-now": {
			"version": "2.1.0",
			"resolved": "https://registry.npmjs.org/performance-now/-/performance-now-2.1.0.tgz",
			"integrity": "sha1-Ywn04OX6kT7BxpMHrjZLSzd8nns=",
			"dev": true
		},
		"query-string": {
			"version": "6.14.1",
			"resolved": "https://registry.npmjs.org/query-string/-/query-string-6.14.1.tgz",
			"integrity": "sha512-XDxAeVmpfu1/6IjyT/gXHOl+S0vQ9owggJ30hhWKdHAsNPOcasn5o9BW0eejZqL2e4vMjhAxoW3jVHcD6mbcYw==",
			"dev": true,
			"requires": {
				"decode-uri-component": "^0.2.0",
				"filter-obj": "^1.1.0",
				"split-on-first": "^1.0.0",
				"strict-uri-encode": "^2.0.0"
			}
		},
		"querystringify": {
			"version": "2.2.0",
			"resolved": "https://registry.npmjs.org/querystringify/-/querystringify-2.2.0.tgz",
			"integrity": "sha512-FIqgj2EUvTa7R50u0rGsyTftzjYmv/a3hO345bZNrqabNqjtgiDMgmo4mkUjd+nzU5oF3dClKqFIPUKybUyqoQ==",
			"dev": true
		},
		"raf": {
			"version": "3.4.1",
			"resolved": "https://registry.npmjs.org/raf/-/raf-3.4.1.tgz",
			"integrity": "sha512-Sq4CW4QhwOHE8ucn6J34MqtZCeWFP2aQSmrlroYgqAV1PjStIhJXxYuTgUIfkEk7zTLjmIjLmU5q+fbD1NnOJA==",
			"dev": true,
			"requires": {
				"performance-now": "^2.1.0"
			}
		},
		"regenerator-runtime": {
			"version": "0.13.7",
			"resolved": "https://registry.npmjs.org/regenerator-runtime/-/regenerator-runtime-0.13.7.tgz",
			"integrity": "sha512-a54FxoJDIr27pgf7IgeQGxmqUNYrcV338lf/6gH456HZ/PhX+5BcwHXG9ajESmwe6WRO0tAzRUrRmNONWgkrew==",
			"dev": true
		},
		"requires-port": {
			"version": "1.0.0",
			"resolved": "https://registry.npmjs.org/requires-port/-/requires-port-1.0.0.tgz",
			"integrity": "sha1-kl0mAdOaxIXgkc8NpcbmlNw9yv8=",
			"dev": true
		},
		"resolve-pathname": {
			"version": "3.0.0",
			"resolved": "https://registry.npmjs.org/resolve-pathname/-/resolve-pathname-3.0.0.tgz",
			"integrity": "sha512-C7rARubxI8bXFNB/hqcp/4iUeIXJhJZvFPFPiSPRnhU5UPxzMFIl+2E6yY6c4k9giDJAhtV+enfA+G89N6Csng==",
			"dev": true
		},
		"split-on-first": {
			"version": "1.1.0",
			"resolved": "https://registry.npmjs.org/split-on-first/-/split-on-first-1.1.0.tgz",
			"integrity": "sha512-43ZssAJaMusuKWL8sKUBQXHWOpq8d6CfN/u1p4gUzfJkM05C8rxTmYrkIPTXapZpORA6LkkzcUulJ8FqA7Uudw==",
			"dev": true
		},
		"ssr-window": {
			"version": "1.0.1",
			"resolved": "https://registry.npmjs.org/ssr-window/-/ssr-window-1.0.1.tgz",
			"integrity": "sha512-dgFqB+f00LJTEgb6UXhx0h+SrG50LJvti2yMKMqAgzfUmUXZrLSv2fjULF7AWGwK25EXu8+smLR3jYsJQChPsg==",
			"dev": true
		},
		"strict-uri-encode": {
			"version": "2.0.0",
			"resolved": "https://registry.npmjs.org/strict-uri-encode/-/strict-uri-encode-2.0.0.tgz",
			"integrity": "sha1-ucczDHBChi9rFC3CdLvMWGbONUY=",
			"dev": true
		},
		"swiper": {
			"version": "4.4.2",
			"resolved": "https://registry.npmjs.org/swiper/-/swiper-4.4.2.tgz",
			"integrity": "sha512-Vfl4Zw4Z7iZwUu5S11JeC7OSy4nwky29nkUulkmg8lIqcWla6UtOhdap0gkyJRYS+UJXki+GWQsbFM0SZRxZPQ==",
			"dev": true,
			"requires": {
				"dom7": "^2.1.2",
				"ssr-window": "^1.0.1"
			}
		},
		"tiny-invariant": {
			"version": "1.1.0",
			"resolved": "https://registry.npmjs.org/tiny-invariant/-/tiny-invariant-1.1.0.tgz",
			"integrity": "sha512-ytxQvrb1cPc9WBEI/HSeYYoGD0kWnGEOR8RY6KomWLBVhqz0RgTwVO9dLrGz7dC+nN9llyI7OKAgRq8Vq4ZBSw==",
			"dev": true
		},
		"tiny-warning": {
			"version": "1.0.3",
			"resolved": "https://registry.npmjs.org/tiny-warning/-/tiny-warning-1.0.3.tgz",
			"integrity": "sha512-lBN9zLN/oAf68o3zNXYrdCt1kP8WsiGW8Oo2ka41b2IM5JL/S1CTyX1rW0mb/zSuJun0ZUrDxx4sqvYS2FWzPA==",
			"dev": true
		},
		"typescript": {
			"version": "4.2.4",
			"resolved": "https://registry.npmjs.org/typescript/-/typescript-4.2.4.tgz",
			"integrity": "sha512-V+evlYHZnQkaz8TRBuxTA92yZBPotr5H+WhQ7bD3hZUndx5tGOa1fuCgeSjxAzM1RiN5IzvadIXTVefuuwZCRg==",
			"dev": true
		},
		"universal-router": {
			"version": "8.3.0",
			"resolved": "https://registry.npmjs.org/universal-router/-/universal-router-8.3.0.tgz",
			"integrity": "sha512-cBkihRoHvRQAjdUnDE1GGuuw/TPAIi8z2pEsSmUVAWLeZdgjHzzAb1+0VOO6NvBOvySItOTQikzaGlRxRdJBnA==",
			"dev": true,
			"requires": {
				"path-to-regexp": "^3.1.0"
			}
		},
		"url-parse": {
			"version": "1.5.1",
			"resolved": "https://registry.npmjs.org/url-parse/-/url-parse-1.5.1.tgz",
			"integrity": "sha512-HOfCOUJt7iSYzEx/UqgtwKRMC6EU91NFhsCHMv9oM03VJcVo2Qrp8T8kI9D7amFf1cu+/3CEhgb3rF9zL7k85Q==",
			"dev": true,
			"requires": {
				"querystringify": "^2.1.1",
				"requires-port": "^1.0.0"
			}
		},
		"value-equal": {
			"version": "1.0.1",
			"resolved": "https://registry.npmjs.org/value-equal/-/value-equal-1.0.1.tgz",
			"integrity": "sha512-NOJ6JZCAWr0zlxZt+xqCHNTEKOsrks2HQd4MqhP1qy4z1SkbEP467eNx6TgDKXMvUOb+OENfJCZwM+16n7fRfw==",
			"dev": true
		},
		"weui": {
			"version": "1.1.3",
			"resolved": "https://registry.npmjs.org/weui/-/weui-1.1.3.tgz",
			"integrity": "sha512-vC6eWUvG1MYoE8yLsvBBmLB2+4DZWynQOL47MUscHMwPVltOZPGsiRb2PE7y3z+w3ElF1SsmJsyhr40wiXgP5A==",
			"dev": true
		},
		"whatwg-fetch": {
			"version": "3.6.2",
			"resolved": "https://registry.npmjs.org/whatwg-fetch/-/whatwg-fetch-3.6.2.tgz",
			"integrity": "sha512-bJlen0FcuU/0EMLrdbJ7zOnW6ITZLrZMIarMUVmdKtsGvZna8vxKYaexICWPfZ8qwf9fzNq+UEIZrnSaApt6RA==",
			"dev": true
		}
	}
}
